// !$*UTF8*$!
{
	archiveVersion = 1;
	classes = {
	};
	objectVersion = 56;
	objects = {

/* Begin PBXBuildFile section */
		5DFB453B295A01F200FC9EA7 /* AppDelegate.swift in Sources */ = {isa = PBXBuildFile; fileRef = 5DFB453A295A01F200FC9EA7 /* AppDelegate.swift */; };
		5DFB453D295A01F200FC9EA7 /* SceneDelegate.swift in Sources */ = {isa = PBXBuildFile; fileRef = 5DFB453C295A01F200FC9EA7 /* SceneDelegate.swift */; };
		5DFB453F295A01F200FC9EA7 /* MainVC.swift in Sources */ = {isa = PBXBuildFile; fileRef = 5DFB453E295A01F200FC9EA7 /* MainVC.swift */; };
		5DFB4542295A01F200FC9EA7 /* Main.storyboard in Resources */ = {isa = PBXBuildFile; fileRef = 5DFB4540295A01F200FC9EA7 /* Main.storyboard */; };
		5DFB4544295A01F300FC9EA7 /* Assets.xcassets in Resources */ = {isa = PBXBuildFile; fileRef = 5DFB4543295A01F300FC9EA7 /* Assets.xcassets */; };
		5DFB4547295A01F300FC9EA7 /* LaunchScreen.storyboard in Resources */ = {isa = PBXBuildFile; fileRef = 5DFB4545295A01F300FC9EA7 /* LaunchScreen.storyboard */; };
		5DFB4553295A069C00FC9EA7 /* MainCVC.swift in Sources */ = {isa = PBXBuildFile; fileRef = 5DFB4551295A069C00FC9EA7 /* MainCVC.swift */; };
		5DFB4554295A069C00FC9EA7 /* MainCVC.xib in Resources */ = {isa = PBXBuildFile; fileRef = 5DFB4552295A069C00FC9EA7 /* MainCVC.xib */; };
		5DFB4558295A0B6C00FC9EA7 /* MainTVC.swift in Sources */ = {isa = PBXBuildFile; fileRef = 5DFB4556295A0B6C00FC9EA7 /* MainTVC.swift */; };
		5DFB4559295A0B6C00FC9EA7 /* MainTVC.xib in Resources */ = {isa = PBXBuildFile; fileRef = 5DFB4557295A0B6C00FC9EA7 /* MainTVC.xib */; };
/* End PBXBuildFile section */

/* Begin PBXFileReference section */
		5DFB4537295A01F200FC9EA7 /* MenuProj.app */ = {isa = PBXFileReference; explicitFileType = wrapper.application; includeInIndex = 0; path = MenuProj.app; sourceTree = BUILT_PRODUCTS_DIR; };
		5DFB453A295A01F200FC9EA7 /* AppDelegate.swift */ = {isa = PBXFileReference; lastKnownFileType = sourcecode.swift; path = AppDelegate.swift; sourceTree = "<group>"; };
		5DFB453C295A01F200FC9EA7 /* SceneDelegate.swift */ = {isa = PBXFileReference; lastKnownFileType = sourcecode.swift; path = SceneDelegate.swift; sourceTree = "<group>"; };
		5DFB453E295A01F200FC9EA7 /* MainVC.swift */ = {isa = PBXFileReference; lastKnownFileType = sourcecode.swift; path = MainVC.swift; sourceTree = "<group>"; };
		5DFB4541295A01F200FC9EA7 /* Base */ = {isa = PBXFileReference; lastKnownFileType = file.storyboard; name = Base; path = Base.lproj/Main.storyboard; sourceTree = "<group>"; };
		5DFB4543295A01F300FC9EA7 /* Assets.xcassets */ = {isa = PBXFileReference; lastKnownFileType = folder.assetcatalog; path = Assets.xcassets; sourceTree = "<group>"; };
		5DFB4546295A01F300FC9EA7 /* Base */ = {isa = PBXFileReference; lastKnownFileType = file.storyboard; name = Base; path = Base.lproj/LaunchScreen.storyboard; sourceTree = "<group>"; };
		5DFB4548295A01F300FC9EA7 /* Info.plist */ = {isa = PBXFileReference; lastKnownFileType = text.plist.xml; path = Info.plist; sourceTree = "<group>"; };
		5DFB4551295A069C00FC9EA7 /* MainCVC.swift */ = {isa = PBXFileReference; lastKnownFileType = sourcecode.swift; path = MainCVC.swift; sourceTree = "<group>"; };
		5DFB4552295A069C00FC9EA7 /* MainCVC.xib */ = {isa = PBXFileReference; lastKnownFileType = file.xib; path = MainCVC.xib; sourceTree = "<group>"; };
		5DFB4556295A0B6C00FC9EA7 /* MainTVC.swift */ = {isa = PBXFileReference; lastKnownFileType = sourcecode.swift; path = MainTVC.swift; sourceTree = "<group>"; };
		5DFB4557295A0B6C00FC9EA7 /* MainTVC.xib */ = {isa = PBXFileReference; lastKnownFileType = file.xib; path = MainTVC.xib; sourceTree = "<group>"; };
/* End PBXFileReference section */

/* Begin PBXFrameworksBuildPhase section */
		5DFB4534295A01F200FC9EA7 /* Frameworks */ = {
			isa = PBXFrameworksBuildPhase;
			buildActionMask = 2147483647;
			files = (
			);
			runOnlyForDeploymentPostprocessing = 0;
		};
/* End PBXFrameworksBuildPhase section */

/* Begin PBXGroup section */
		5DFB452E295A01F200FC9EA7 = {
			isa = PBXGroup;
			children = (
				5DFB4539295A01F200FC9EA7 /* MenuProj */,
				5DFB4538295A01F200FC9EA7 /* Products */,
			);
			sourceTree = "<group>";
		};
		5DFB4538295A01F200FC9EA7 /* Products */ = {
			isa = PBXGroup;
			children = (
				5DFB4537295A01F200FC9EA7 /* MenuProj.app */,
			);
			name = Products;
			sourceTree = "<group>";
		};
		5DFB4539295A01F200FC9EA7 /* MenuProj */ = {
			isa = PBXGroup;
			children = (
				5DFB454F295A02D700FC9EA7 /* Main */,
				5DFB454E295A022200FC9EA7 /* Supporting Files */,
			);
			path = MenuProj;
			sourceTree = "<group>";
		};
		5DFB454E295A022200FC9EA7 /* Supporting Files */ = {
			isa = PBXGroup;
			children = (
				5DFB453A295A01F200FC9EA7 /* AppDelegate.swift */,
				5DFB453C295A01F200FC9EA7 /* SceneDelegate.swift */,
				5DFB4543295A01F300FC9EA7 /* Assets.xcassets */,
				5DFB4545295A01F300FC9EA7 /* LaunchScreen.storyboard */,
				5DFB4548295A01F300FC9EA7 /* Info.plist */,
			);
			path = "Supporting Files";
			sourceTree = "<group>";
		};
		5DFB454F295A02D700FC9EA7 /* Main */ = {
			isa = PBXGroup;
			children = (
				5DFB4555295A0B3C00FC9EA7 /* MainTVC */,
				5DFB4550295A065C00FC9EA7 /* MainCVC */,
				5DFB453E295A01F200FC9EA7 /* MainVC.swift */,
				5DFB4540295A01F200FC9EA7 /* Main.storyboard */,
			);
			path = Main;
			sourceTree = "<group>";
		};
		5DFB4550295A065C00FC9EA7 /* MainCVC */ = {
			isa = PBXGroup;
			children = (
				5DFB4551295A069C00FC9EA7 /* MainCVC.swift */,
				5DFB4552295A069C00FC9EA7 /* MainCVC.xib */,
			);
			path = MainCVC;
			sourceTree = "<group>";
		};
		5DFB4555295A0B3C00FC9EA7 /* MainTVC */ = {
			isa = PBXGroup;
			children = (
				5DFB4556295A0B6C00FC9EA7 /* MainTVC.swift */,
				5DFB4557295A0B6C00FC9EA7 /* MainTVC.xib */,
			);
			path = MainTVC;
			sourceTree = "<group>";
		};
/* End PBXGroup section */

/* Begin PBXNativeTarget section */
		5DFB4536295A01F200FC9EA7 /* MenuProj */ = {
			isa = PBXNativeTarget;
			buildConfigurationList = 5DFB454B295A01F300FC9EA7 /* Build configuration list for PBXNativeTarget "MenuProj" */;
			buildPhases = (
				5DFB4533295A01F200FC9EA7 /* Sources */,
				5DFB4534295A01F200FC9EA7 /* Frameworks */,
				5DFB4535295A01F200FC9EA7 /* Resources */,
			);
			buildRules = (
			);
			dependencies = (
			);
			name = MenuProj;
			productName = MenuProj;
			productReference = 5DFB4537295A01F200FC9EA7 /* MenuProj.app */;
			productType = "com.apple.product-type.application";
		};
/* End PBXNativeTarget section */

/* Begin PBXProject section */
		5DFB452F295A01F200FC9EA7 /* Project object */ = {
			isa = PBXProject;
			attributes = {
				BuildIndependentTargetsInParallel = 1;
				LastSwiftUpdateCheck = 1410;
				LastUpgradeCheck = 1410;
				TargetAttributes = {
					5DFB4536295A01F200FC9EA7 = {
						CreatedOnToolsVersion = 14.1;
					};
				};
			};
			buildConfigurationList = 5DFB4532295A01F200FC9EA7 /* Build configuration list for PBXProject "MenuProj" */;
			compatibilityVersion = "Xcode 14.0";
			developmentRegion = en;
			hasScannedForEncodings = 0;
			knownRegions = (
				en,
				Base,
			);
			mainGroup = 5DFB452E295A01F200FC9EA7;
			productRefGroup = 5DFB4538295A01F200FC9EA7 /* Products */;
			projectDirPath = "";
			projectRoot = "";
			targets = (
				5DFB4536295A01F200FC9EA7 /* MenuProj */,
			);
		};
/* End PBXProject section */

/* Begin PBXResourcesBuildPhase section */
		5DFB4535295A01F200FC9EA7 /* Resources */ = {
			isa = PBXResourcesBuildPhase;
			buildActionMask = 2147483647;
			files = (
				5DFB4547295A01F300FC9EA7 /* LaunchScreen.storyboard in Resources */,
				5DFB4559295A0B6C00FC9EA7 /* MainTVC.xib in Resources */,
				5DFB4554295A069C00FC9EA7 /* MainCVC.xib in Resources */,
				5DFB4544295A01F300FC9EA7 /* Assets.xcassets in Resources */,
				5DFB4542295A01F200FC9EA7 /* Main.storyboard in Resources */,
			);
			runOnlyForDeploymentPostprocessing = 0;
		};
/* End PBXResourcesBuildPhase section */

/* Begin PBXSourcesBuildPhase section */
		5DFB4533295A01F200FC9EA7 /* Sources */ = {
			isa = PBXSourcesBuildPhase;
			buildActionMask = 2147483647;
			files = (
				5DFB4558295A0B6C00FC9EA7 /* MainTVC.swift in Sources */,
				5DFB453F295A01F200FC9EA7 /* MainVC.swift in Sources */,
				5DFB4553295A069C00FC9EA7 /* MainCVC.swift in Sources */,
				5DFB453B295A01F200FC9EA7 /* AppDelegate.swift in Sources */,
				5DFB453D295A01F200FC9EA7 /* SceneDelegate.swift in Sources */,
			);
			runOnlyForDeploymentPostprocessing = 0;
		};
/* End PBXSourcesBuildPhase section */

/* Begin PBXVariantGroup section */
		5DFB4540295A01F200FC9EA7 /* Main.storyboard */ = {
			isa = PBXVariantGroup;
			children = (
				5DFB4541295A01F200FC9EA7 /* Base */,
			);
			name = Main.storyboard;
			sourceTree = "<group>";
		};
		5DFB4545295A01F300FC9EA7 /* LaunchScreen.storyboard */ = {
			isa = PBXVariantGroup;
			children = (
				5DFB4546295A01F300FC9EA7 /* Base */,
			);
			name = LaunchScreen.storyboard;
			sourceTree = "<group>";
		};
/* End PBXVariantGroup section */

/* Begin XCBuildConfiguration section */
		5DFB4549295A01F300FC9EA7 /* Debug */ = {
			isa = XCBuildConfiguration;
			buildSettings = {
				ALWAYS_SEARCH_USER_PATHS = NO;
				CLANG_ANALYZER_NONNULL = YES;
				CLANG_ANALYZER_NUMBER_OBJECT_CONVERSION = YES_AGGRESSIVE;
				CLANG_CXX_LANGUAGE_STANDARD = "gnu++20";
				CLANG_ENABLE_MODULES = YES;
				CLANG_ENABLE_OBJC_ARC = YES;
				CLANG_ENABLE_OBJC_WEAK = YES;
				CLANG_WARN_BLOCK_CAPTURE_AUTORELEASING = YES;
				CLANG_WARN_BOOL_CONVERSION = YES;
				CLANG_WARN_COMMA = YES;
				CLANG_WARN_CONSTANT_CONVERSION = YES;
				CLANG_WARN_DEPRECATED_OBJC_IMPLEMENTATIONS = YES;
				CLANG_WARN_DIRECT_OBJC_ISA_USAGE = YES_ERROR;
				CLANG_WARN_DOCUMENTATION_COMMENTS = YES;
				CLANG_WARN_EMPTY_BODY = YES;
				CLANG_WARN_ENUM_CONVERSION = YES;
				CLANG_WARN_INFINITE_RECURSION = YES;
				CLANG_WARN_INT_CONVERSION = YES;
				CLANG_WARN_NON_LITERAL_NULL_CONVERSION = YES;
				CLANG_WARN_OBJC_IMPLICIT_RETAIN_SELF = YES;
				CLANG_WARN_OBJC_LITERAL_CONVERSION = YES;
				CLANG_WARN_OBJC_ROOT_CLASS = YES_ERROR;
				CLANG_WARN_QUOTED_INCLUDE_IN_FRAMEWORK_HEADER = YES;
				CLANG_WARN_RANGE_LOOP_ANALYSIS = YES;
				CLANG_WARN_STRICT_PROTOTYPES = YES;
				CLANG_WARN_SUSPICIOUS_MOVE = YES;
				CLANG_WARN_UNGUARDED_AVAILABILITY = YES_AGGRESSIVE;
				CLANG_WARN_UNREACHABLE_CODE = YES;
				CLANG_WARN__DUPLICATE_METHOD_MATCH = YES;
				COPY_PHASE_STRIP = NO;
				DEBUG_INFORMATION_FORMAT = dwarf;
				ENABLE_STRICT_OBJC_MSGSEND = YES;
				ENABLE_TESTABILITY = YES;
				GCC_C_LANGUAGE_STANDARD = gnu11;
				GCC_DYNAMIC_NO_PIC = NO;
				GCC_NO_COMMON_BLOCKS = YES;
				GCC_OPTIMIZATION_LEVEL = 0;
				GCC_PREPROCESSOR_DEFINITIONS = (
					"DEBUG=1",
					"$(inherited)",
				);
				GCC_WARN_64_TO_32_BIT_CONVERSION = YES;
				GCC_WARN_ABOUT_RETURN_TYPE = YES_ERROR;
				GCC_WARN_UNDECLARED_SELECTOR = YES;
				GCC_WARN_UNINITIALIZED_AUTOS = YES_AGGRESSIVE;
				GCC_WARN_UNUSED_FUNCTION = YES;
				GCC_WARN_UNUSED_VARIABLE = YES;
				IPHONEOS_DEPLOYMENT_TARGET = 16.1;
				MTL_ENABLE_DEBUG_INFO = INCLUDE_SOURCE;
				MTL_FAST_MATH = YES;
				ONLY_ACTIVE_ARCH = YES;
				SDKROOT = iphoneos;
				SWIFT_ACTIVE_COMPILATION_CONDITIONS = DEBUG;
				SWIFT_OPTIMIZATION_LEVEL = "-Onone";
			};
			name = Debug;
		};
		5DFB454A295A01F300FC9EA7 /* Release */ = {
			isa = XCBuildConfiguration;
			buildSettings = {
				ALWAYS_SEARCH_USER_PATHS = NO;
				CLANG_ANALYZER_NONNULL = YES;
				CLANG_ANALYZER_NUMBER_OBJECT_CONVERSION = YES_AGGRESSIVE;
				CLANG_CXX_LANGUAGE_STANDARD = "gnu++20";
				CLANG_ENABLE_MODULES = YES;
				CLANG_ENABLE_OBJC_ARC = YES;
				CLANG_ENABLE_OBJC_WEAK = YES;
				CLANG_WARN_BLOCK_CAPTURE_AUTORELEASING = YES;
				CLANG_WARN_BOOL_CONVERSION = YES;
				CLANG_WARN_COMMA = YES;
				CLANG_WARN_CONSTANT_CONVERSION = YES;
				CLANG_WARN_DEPRECATED_OBJC_IMPLEMENTATIONS = YES;
				CLANG_WARN_DIRECT_OBJC_ISA_USAGE = YES_ERROR;
				CLANG_WARN_DOCUMENTATION_COMMENTS = YES;
				CLANG_WARN_EMPTY_BODY = YES;
				CLANG_WARN_ENUM_CONVERSION = YES;
				CLANG_WARN_INFINITE_RECURSION = YES;
				CLANG_WARN_INT_CONVERSION = YES;
				CLANG_WARN_NON_LITERAL_NULL_CONVERSION = YES;
				CLANG_WARN_OBJC_IMPLICIT_RETAIN_SELF = YES;
				CLANG_WARN_OBJC_LITERAL_CONVERSION = YES;
				CLANG_WARN_OBJC_ROOT_CLASS = YES_ERROR;
				CLANG_WARN_QUOTED_INCLUDE_IN_FRAMEWORK_HEADER = YES;
				CLANG_WARN_RANGE_LOOP_ANALYSIS = YES;
				CLANG_WARN_STRICT_PROTOTYPES = YES;
				CLANG_WARN_SUSPICIOUS_MOVE = YES;
				CLANG_WARN_UNGUARDED_AVAILABILITY = YES_AGGRESSIVE;
				CLANG_WARN_UNREACHABLE_CODE = YES;
				CLANG_WARN__DUPLICATE_METHOD_MATCH = YES;
				COPY_PHASE_STRIP = NO;
				DEBUG_INFORMATION_FORMAT = "dwarf-with-dsym";
				ENABLE_NS_ASSERTIONS = NO;
				ENABLE_STRICT_OBJC_MSGSEND = YES;
				GCC_C_LANGUAGE_STANDARD = gnu11;
				GCC_NO_COMMON_BLOCKS = YES;
				GCC_WARN_64_TO_32_BIT_CONVERSION = YES;
				GCC_WARN_ABOUT_RETURN_TYPE = YES_ERROR;
				GCC_WARN_UNDECLARED_SELECTOR = YES;
				GCC_WARN_UNINITIALIZED_AUTOS = YES_AGGRESSIVE;
				GCC_WARN_UNUSED_FUNCTION = YES;
				GCC_WARN_UNUSED_VARIABLE = YES;
				IPHONEOS_DEPLOYMENT_TARGET = 16.1;
				MTL_ENABLE_DEBUG_INFO = NO;
				MTL_FAST_MATH = YES;
				SDKROOT = iphoneos;
				SWIFT_COMPILATION_MODE = wholemodule;
				SWIFT_OPTIMIZATION_LEVEL = "-O";
				VALIDATE_PRODUCT = YES;
			};
			name = Release;
		};
		5DFB454C295A01F300FC9EA7 /* Debug */ = {
			isa = XCBuildConfiguration;
			buildSettings = {
				ASSETCATALOG_COMPILER_APPICON_NAME = AppIcon;
				ASSETCATALOG_COMPILER_GLOBAL_ACCENT_COLOR_NAME = AccentColor;
				CODE_SIGN_STYLE = Automatic;
				CURRENT_PROJECT_VERSION = 1;
				DEVELOPMENT_TEAM = GWJ4TQRZG9;
				GENERATE_INFOPLIST_FILE = YES;
				INFOPLIST_FILE = "MenuProj/Supporting Files/Info.plist";
				INFOPLIST_KEY_UIApplicationSupportsIndirectInputEvents = YES;
				INFOPLIST_KEY_UILaunchStoryboardName = LaunchScreen;
				INFOPLIST_KEY_UIMainStoryboardFile = Main;
				INFOPLIST_KEY_UISupportedInterfaceOrientations = UIInterfaceOrientationPortrait;
				LD_RUNPATH_SEARCH_PATHS = (
					"$(inherited)",
					"@executable_path/Frameworks",
				);
				MARKETING_VERSION = 1.0;
				PRODUCT_BUNDLE_IDENTIFIER = Ivanyukov.MenuProj;
				PRODUCT_NAME = "$(TARGET_NAME)";
				SWIFT_EMIT_LOC_STRINGS = YES;
				SWIFT_VERSION = 5.0;
				TARGETED_DEVICE_FAMILY = "1,2";
			};
			name = Debug;
		};
		5DFB454D295A01F300FC9EA7 /* Release */ = {
			isa = XCBuildConfiguration;
			buildSettings = {
				ASSETCATALOG_COMPILER_APPICON_NAME = AppIcon;
				ASSETCATALOG_COMPILER_GLOBAL_ACCENT_COLOR_NAME = AccentColor;
				CODE_SIGN_STYLE = Automatic;
				CURRENT_PROJECT_VERSION = 1;
				DEVELOPMENT_TEAM = GWJ4TQRZG9;
				GENERATE_INFOPLIST_FILE = YES;
				INFOPLIST_FILE = "MenuProj/Supporting Files/Info.plist";
				INFOPLIST_KEY_UIApplicationSupportsIndirectInputEvents = YES;
				INFOPLIST_KEY_UILaunchStoryboardName = LaunchScreen;
				INFOPLIST_KEY_UIMainStoryboardFile = Main;
				INFOPLIST_KEY_UISupportedInterfaceOrientations = UIInterfaceOrientationPortrait;
				LD_RUNPATH_SEARCH_PATHS = (
					"$(inherited)",
					"@executable_path/Frameworks",
				);
				MARKETING_VERSION = 1.0;
				PRODUCT_BUNDLE_IDENTIFIER = Ivanyukov.MenuProj;
				PRODUCT_NAME = "$(TARGET_NAME)";
				SWIFT_EMIT_LOC_STRINGS = YES;
				SWIFT_VERSION = 5.0;
				TARGETED_DEVICE_FAMILY = "1,2";
			};
			name = Release;
		};
/* End XCBuildConfiguration section */

/* Begin XCConfigurationList section */
		5DFB4532295A01F200FC9EA7 /* Build configuration list for PBXProject "MenuProj" */ = {
			isa = XCConfigurationList;
			buildConfigurations = (
				5DFB4549295A01F300FC9EA7 /* Debug */,
				5DFB454A295A01F300FC9EA7 /* Release */,
			);
			defaultConfigurationIsVisible = 0;
			defaultConfigurationName = Release;
		};
		5DFB454B295A01F300FC9EA7 /* Build configuration list for PBXNativeTarget "MenuProj" */ = {
			isa = XCConfigurationList;
			buildConfigurations = (
				5DFB454C295A01F300FC9EA7 /* Debug */,
				5DFB454D295A01F300FC9EA7 /* Release */,
			);
			defaultConfigurationIsVisible = 0;
			defaultConfigurationName = Release;
		};
/* End XCConfigurationList section */
	};
	rootObject = 5DFB452F295A01F200FC9EA7 /* Project object */;
}
